// !$*UTF8*$!
{
	archiveVersion = 1;
	classes = {
	};
	objectVersion = 48;
	objects = {

/* Begin PBXBuildFile section */
		1AD735411FB45B61006D886F /* AppDelegate.m in Sources */ = {isa = PBXBuildFile; fileRef = 1AD735401FB45B61006D886F /* AppDelegate.m */; };
		1AD735441FB45B61006D886F /* ViewController.m in Sources */ = {isa = PBXBuildFile; fileRef = 1AD735431FB45B61006D886F /* ViewController.m */; };
		1AD735471FB45B61006D886F /* Main.storyboard in Resources */ = {isa = PBXBuildFile; fileRef = 1AD735451FB45B61006D886F /* Main.storyboard */; };
		1AD735491FB45B61006D886F /* Assets.xcassets in Resources */ = {isa = PBXBuildFile; fileRef = 1AD735481FB45B61006D886F /* Assets.xcassets */; };
		1AD7354C1FB45B61006D886F /* LaunchScreen.storyboard in Resources */ = {isa = PBXBuildFile; fileRef = 1AD7354A1FB45B61006D886F /* LaunchScreen.storyboard */; };
		1AD7354F1FB45B61006D886F /* main.m in Sources */ = {isa = PBXBuildFile; fileRef = 1AD7354E1FB45B61006D886F /* main.m */; };
		1AD735571FB45B7A006D886F /* UIButton+XXF.m in Sources */ = {isa = PBXBuildFile; fileRef = 1AD735551FB45B78006D886F /* UIButton+XXF.m */; };
/* End PBXBuildFile section */

/* Begin PBXFileReference section */
		1AD7353C1FB45B61006D886F /* UIButton_XXF_Demo.app */ = {isa = PBXFileReference; explicitFileType = wrapper.application; includeInIndex = 0; path = UIButton_XXF_Demo.app; sourceTree = BUILT_PRODUCTS_DIR; };
		1AD7353F1FB45B61006D886F /* AppDelegate.h */ = {isa = PBXFileReference; lastKnownFileType = sourcecode.c.h; path = AppDelegate.h; sourceTree = "<group>"; };
		1AD735401FB45B61006D886F /* AppDelegate.m */ = {isa = PBXFileReference; lastKnownFileType = sourcecode.c.objc; path = AppDelegate.m; sourceTree = "<group>"; };
		1AD735421FB45B61006D886F /* ViewController.h */ = {isa = PBXFileReference; lastKnownFileType = sourcecode.c.h; path = ViewController.h; sourceTree = "<group>"; };
		1AD735431FB45B61006D886F /* ViewController.m */ = {isa = PBXFileReference; lastKnownFileType = sourcecode.c.objc; path = ViewController.m; sourceTree = "<group>"; };
		1AD735461FB45B61006D886F /* Base */ = {isa = PBXFileReference; lastKnownFileType = file.storyboard; name = Base; path = Base.lproj/Main.storyboard; sourceTree = "<group>"; };
		1AD735481FB45B61006D886F /* Assets.xcassets */ = {isa = PBXFileReference; lastKnownFileType = folder.assetcatalog; path = Assets.xcassets; sourceTree = "<group>"; };
		1AD7354B1FB45B61006D886F /* Base */ = {isa = PBXFileReference; lastKnownFileType = file.storyboard; name = Base; path = Base.lproj/LaunchScreen.storyboard; sourceTree = "<group>"; };
		1AD7354D1FB45B61006D886F /* Info.plist */ = {isa = PBXFileReference; lastKnownFileType = text.plist.xml; path = Info.plist; sourceTree = "<group>"; };
		1AD7354E1FB45B61006D886F /* main.m */ = {isa = PBXFileReference; lastKnownFileType = sourcecode.c.objc; path = main.m; sourceTree = "<group>"; };
		1AD735551FB45B78006D886F /* UIButton+XXF.m */ = {isa = PBXFileReference; lastKnownFileType = sourcecode.c.objc; path = "UIButton+XXF.m"; sourceTree = "<group>"; };
		1AD735561FB45B7A006D886F /* UIButton+XXF.h */ = {isa = PBXFileReference; lastKnownFileType = sourcecode.c.h; path = "UIButton+XXF.h"; sourceTree = "<group>"; };
/* End PBXFileReference section */

/* Begin PBXFrameworksBuildPhase section */
		1AD735391FB45B61006D886F /* Frameworks */ = {
			isa = PBXFrameworksBuildPhase;
			buildActionMask = 2147483647;
			files = (
			);
			runOnlyForDeploymentPostprocessing = 0;
		};
/* End PBXFrameworksBuildPhase section */

/* Begin PBXGroup section */
		1AD735331FB45B61006D886F = {
			isa = PBXGroup;
			children = (
				1AD7353E1FB45B61006D886F /* UIButton_XXF_Demo */,
				1AD7353D1FB45B61006D886F /* Products */,
			);
			sourceTree = "<group>";
		};
		1AD7353D1FB45B61006D886F /* Products */ = {
			isa = PBXGroup;
			children = (
				1AD7353C1FB45B61006D886F /* UIButton_XXF_Demo.app */,
			);
			name = Products;
			sourceTree = "<group>";
		};
		1AD7353E1FB45B61006D886F /* UIButton_XXF_Demo */ = {
			isa = PBXGroup;
			children = (
				1AD735561FB45B7A006D886F /* UIButton+XXF.h */,
				1AD735551FB45B78006D886F /* UIButton+XXF.m */,
				1AD7353F1FB45B61006D886F /* AppDelegate.h */,
				1AD735401FB45B61006D886F /* AppDelegate.m */,
				1AD735421FB45B61006D886F /* ViewController.h */,
				1AD735431FB45B61006D886F /* ViewController.m */,
				1AD735451FB45B61006D886F /* Main.storyboard */,
				1AD735481FB45B61006D886F /* Assets.xcassets */,
				1AD7354A1FB45B61006D886F /* LaunchScreen.storyboard */,
				1AD7354D1FB45B61006D886F /* Info.plist */,
				1AD7354E1FB45B61006D886F /* main.m */,
			);
			path = UIButton_XXF_Demo;
			sourceTree = "<group>";
		};
/* End PBXGroup section */

/* Begin PBXNativeTarget section */
		1AD7353B1FB45B61006D886F /* UIButton_XXF_Demo */ = {
			isa = PBXNativeTarget;
			buildConfigurationList = 1AD735521FB45B61006D886F /* Build configuration list for PBXNativeTarget "UIButton_XXF_Demo" */;
			buildPhases = (
				1AD735381FB45B61006D886F /* Sources */,
				1AD735391FB45B61006D886F /* Frameworks */,
				1AD7353A1FB45B61006D886F /* Resources */,
			);
			buildRules = (
			);
			dependencies = (
			);
			name = UIButton_XXF_Demo;
			productName = UIButton_XXF_Demo;
			productReference = 1AD7353C1FB45B61006D886F /* UIButton_XXF_Demo.app */;
			productType = "com.apple.product-type.application";
		};
/* End PBXNativeTarget section */

/* Begin PBXProject section */
		1AD735341FB45B61006D886F /* Project object */ = {
			isa = PBXProject;
			attributes = {
				LastUpgradeCheck = 0900;
				ORGANIZATIONNAME = BigFly;
				TargetAttributes = {
					1AD7353B1FB45B61006D886F = {
						CreatedOnToolsVersion = 9.0;
						ProvisioningStyle = Automatic;
					};
				};
			};
			buildConfigurationList = 1AD735371FB45B61006D886F /* Build configuration list for PBXProject "UIButton_XXF_Demo" */;
			compatibilityVersion = "Xcode 8.0";
			developmentRegion = en;
			hasScannedForEncodings = 0;
			knownRegions = (
				en,
				Base,
			);
			mainGroup = 1AD735331FB45B61006D886F;
			productRefGroup = 1AD7353D1FB45B61006D886F /* Products */;
			projectDirPath = "";
			projectRoot = "";
			targets = (
				1AD7353B1FB45B61006D886F /* UIButton_XXF_Demo */,
			);
		};
/* End PBXProject section */

/* Begin PBXResourcesBuildPhase section */
		1AD7353A1FB45B61006D886F /* Resources */ = {
			isa = PBXResourcesBuildPhase;
			buildActionMask = 2147483647;
			files = (
				1AD7354C1FB45B61006D886F /* LaunchScreen.storyboard in Resources */,
				1AD735491FB45B61006D886F /* Assets.xcassets in Resources */,
				1AD735471FB45B61006D886F /* Main.storyboard in Resources */,
			);
			runOnlyForDeploymentPostprocessing = 0;
		};
/* End PBXResourcesBuildPhase section */

/* Begin PBXSourcesBuildPhase section */
		1AD735381FB45B61006D886F /* Sources */ = {
			isa = PBXSourcesBuildPhase;
			buildActionMask = 2147483647;
			files = (
				1AD735571FB45B7A006D886F /* UIButton+XXF.m in Sources */,
				1AD735441FB45B61006D886F /* ViewController.m in Sources */,
				1AD7354F1FB45B61006D886F /* main.m in Sources */,
				1AD735411FB45B61006D886F /* AppDelegate.m in Sources */,
			);
			runOnlyForDeploymentPostprocessing = 0;
		};
/* End PBXSourcesBuildPhase section */

/* Begin PBXVariantGroup section */
		1AD735451FB45B61006D886F /* Main.storyboard */ = {
			isa = PBXVariantGroup;
			children = (
				1AD735461FB45B61006D886F /* Base */,
			);
			name = Main.storyboard;
			sourceTree = "<group>";
		};
		1AD7354A1FB45B61006D886F /* LaunchScreen.storyboard */ = {
			isa = PBXVariantGroup;
			children = (
				1AD7354B1FB45B61006D886F /* Base */,
			);
			name = LaunchScreen.storyboard;
			sourceTree = "<group>";
		};
/* End PBXVariantGroup section */

/* Begin XCBuildConfiguration section */
		1AD735501FB45B61006D886F /* Debug */ = {
			isa = XCBuildConfiguration;
			buildSettings = {
				ALWAYS_SEARCH_USER_PATHS = NO;
				CLANG_ANALYZER_NONNULL = YES;
				CLANG_ANALYZER_NUMBER_OBJECT_CONVERSION = YES_AGGRESSIVE;
				CLANG_CXX_LANGUAGE_STANDARD = "gnu++14";
				CLANG_CXX_LIBRARY = "libc++";
				CLANG_ENABLE_MODULES = YES;
				CLANG_ENABLE_OBJC_ARC = YES;
				CLANG_WARN_BLOCK_CAPTURE_AUTORELEASING = YES;
				CLANG_WARN_BOOL_CONVERSION = YES;
				CLANG_WARN_COMMA = YES;
				CLANG_WARN_CONSTANT_CONVERSION = YES;
				CLANG_WARN_DIRECT_OBJC_ISA_USAGE = YES_ERROR;
				CLANG_WARN_DOCUMENTATION_COMMENTS = YES;
				CLANG_WARN_EMPTY_BODY = YES;
				CLANG_WARN_ENUM_CONVERSION = YES;
				CLANG_WARN_INFINITE_RECURSION = YES;
				CLANG_WARN_INT_CONVERSION = YES;
				CLANG_WARN_NON_LITERAL_NULL_CONVERSION = YES;
				CLANG_WARN_OBJC_LITERAL_CONVERSION = YES;
				CLANG_WARN_OBJC_ROOT_CLASS = YES_ERROR;
				CLANG_WARN_RANGE_LOOP_ANALYSIS = YES;
				CLANG_WARN_STRICT_PROTOTYPES = YES;
				CLANG_WARN_SUSPICIOUS_MOVE = YES;
				CLANG_WARN_UNGUARDED_AVAILABILITY = YES_AGGRESSIVE;
				CLANG_WARN_UNREACHABLE_CODE = YES;
				CLANG_WARN__DUPLICATE_METHOD_MATCH = YES;
				CODE_SIGN_IDENTITY = "iPhone Developer";
				COPY_PHASE_STRIP = NO;
				DEBUG_INFORMATION_FORMAT = dwarf;
				ENABLE_STRICT_OBJC_MSGSEND = YES;
				ENABLE_TESTABILITY = YES;
				GCC_C_LANGUAGE_STANDARD = gnu11;
				GCC_DYNAMIC_NO_PIC = NO;
				GCC_NO_COMMON_BLOCKS = YES;
				GCC_OPTIMIZATION_LEVEL = 0;
				GCC_PREPROCESSOR_DEFINITIONS = (
					"DEBUG=1",
					"$(inherited)",
				);
				GCC_WARN_64_TO_32_BIT_CONVERSION = YES;
				GCC_WARN_ABOUT_RETURN_TYPE = YES_ERROR;
				GCC_WARN_UNDECLARED_SELECTOR = YES;
				GCC_WARN_UNINITIALIZED_AUTOS = YES_AGGRESSIVE;
				GCC_WARN_UNUSED_FUNCTION = YES;
				GCC_WARN_UNUSED_VARIABLE = YES;
				IPHONEOS_DEPLOYMENT_TARGET = 11.0;
				MTL_ENABLE_DEBUG_INFO = YES;
				ONLY_ACTIVE_ARCH = YES;
				SDKROOT = iphoneos;
			};
			name = Debug;
		};
		1AD735511FB45B61006D886F /* Release */ = {
			isa = XCBuildConfiguration;
			buildSettings = {
				ALWAYS_SEARCH_USER_PATHS = NO;
				CLANG_ANALYZER_NONNULL = YES;
				CLANG_ANALYZER_NUMBER_OBJECT_CONVERSION = YES_AGGRESSIVE;
				CLANG_CXX_LANGUAGE_STANDARD = "gnu++14";
				CLANG_CXX_LIBRARY = "libc++";
				CLANG_ENABLE_MODULES = YES;
				CLANG_ENABLE_OBJC_ARC = YES;
				CLANG_WARN_BLOCK_CAPTURE_AUTORELEASING = YES;
				CLANG_WARN_BOOL_CONVERSION = YES;
				CLANG_WARN_COMMA = YES;
				CLANG_WARN_CONSTANT_CONVERSION = YES;
				CLANG_WARN_DIRECT_OBJC_ISA_USAGE = YES_ERROR;
				CLANG_WARN_DOCUMENTATION_COMMENTS = YES;
				CLANG_WARN_EMPTY_BODY = YES;
				CLANG_WARN_ENUM_CONVERSION = YES;
				CLANG_WARN_INFINITE_RECURSION = YES;
				CLANG_WARN_INT_CONVERSION = YES;
				CLANG_WARN_NON_LITERAL_NULL_CONVERSION = YES;
				CLANG_WARN_OBJC_LITERAL_CONVERSION = YES;
				CLANG_WARN_OBJC_ROOT_CLASS = YES_ERROR;
				CLANG_WARN_RANGE_LOOP_ANALYSIS = YES;
				CLANG_WARN_STRICT_PROTOTYPES = YES;
				CLANG_WARN_SUSPICIOUS_MOVE = YES;
				CLANG_WARN_UNGUARDED_AVAILABILITY = YES_AGGRESSIVE;
				CLANG_WARN_UNREACHABLE_CODE = YES;
				CLANG_WARN__DUPLICATE_METHOD_MATCH = YES;
				CODE_SIGN_IDENTITY = "iPhone Developer";
				COPY_PHASE_STRIP = NO;
				DEBUG_INFORMATION_FORMAT = "dwarf-with-dsym";
				ENABLE_NS_ASSERTIONS = NO;
				ENABLE_STRICT_OBJC_MSGSEND = YES;
				GCC_C_LANGUAGE_STANDARD = gnu11;
				GCC_NO_COMMON_BLOCKS = YES;
				GCC_WARN_64_TO_32_BIT_CONVERSION = YES;
				GCC_WARN_ABOUT_RETURN_TYPE = YES_ERROR;
				GCC_WARN_UNDECLARED_SELECTOR = YES;
				GCC_WARN_UNINITIALIZED_AUTOS = YES_AGGRESSIVE;
				GCC_WARN_UNUSED_FUNCTION = YES;
				GCC_WARN_UNUSED_VARIABLE = YES;
				IPHONEOS_DEPLOYMENT_TARGET = 11.0;
				MTL_ENABLE_DEBUG_INFO = NO;
				SDKROOT = iphoneos;
				VALIDATE_PRODUCT = YES;
			};
			name = Release;
		};
		1AD735531FB45B61006D886F /* Debug */ = {
			isa = XCBuildConfiguration;
			buildSettings = {
				ASSETCATALOG_COMPILER_APPICON_NAME = AppIcon;
				CODE_SIGN_STYLE = Automatic;
				DEVELOPMENT_TEAM = 7W985FRGHL;
				INFOPLIST_FILE = UIButton_XXF_Demo/Info.plist;
				LD_RUNPATH_SEARCH_PATHS = "$(inherited) @executable_path/Frameworks";
				PRODUCT_BUNDLE_IDENTIFIER = "RL.UIButton-XXF-Demo";
				PRODUCT_NAME = "$(TARGET_NAME)";
				TARGETED_DEVICE_FAMILY = "1,2";
			};
			name = Debug;
		};
		1AD735541FB45B61006D886F /* Release */ = {
			isa = XCBuildConfiguration;
			buildSettings = {
				ASSETCATALOG_COMPILER_APPICON_NAME = AppIcon;
				CODE_SIGN_STYLE = Automatic;
				DEVELOPMENT_TEAM = 7W985FRGHL;
				INFOPLIST_FILE = UIButton_XXF_Demo/Info.plist;
				LD_RUNPATH_SEARCH_PATHS = "$(inherited) @executable_path/Frameworks";
				PRODUCT_BUNDLE_IDENTIFIER = "RL.UIButton-XXF-Demo";
				PRODUCT_NAME = "$(TARGET_NAME)";
				TARGETED_DEVICE_FAMILY = "1,2";
			};
			name = Release;
		};
/* End XCBuildConfiguration section */

/* Begin XCConfigurationList section */
		1AD735371FB45B61006D886F /* Build configuration list for PBXProject "UIButton_XXF_Demo" */ = {
			isa = XCConfigurationList;
			buildConfigurations = (
				1AD735501FB45B61006D886F /* Debug */,
				1AD735511FB45B61006D886F /* Release */,
			);
			defaultConfigurationIsVisible = 0;
			defaultConfigurationName = Release;
		};
		1AD735521FB45B61006D886F /* Build configuration list for PBXNativeTarget "UIButton_XXF_Demo" */ = {
			isa = XCConfigurationList;
			buildConfigurations = (
				1AD735531FB45B61006D886F /* Debug */,
				1AD735541FB45B61006D886F /* Release */,
			);
			defaultConfigurationIsVisible = 0;
			defaultConfigurationName = Release;
		};
/* End XCConfigurationList section */
	};
	rootObject = 1AD735341FB45B61006D886F /* Project object */;
}
